// !$*UTF8*$!
{
	archiveVersion = 1;
	classes = {
	};
	objectVersion = 56;
	objects = {

/* Begin PBXBuildFile section */
		5D807A70296F22730046AD6F /* Chair.swift in Sources */ = {isa = PBXBuildFile; fileRef = 5D807A6F296F22730046AD6F /* Chair.swift */; };
		5D807A72296F22A90046AD6F /* Table.swift in Sources */ = {isa = PBXBuildFile; fileRef = 5D807A71296F22A90046AD6F /* Table.swift */; };
		5D807A74296F22C50046AD6F /* Sofa.swift in Sources */ = {isa = PBXBuildFile; fileRef = 5D807A73296F22C50046AD6F /* Sofa.swift */; };
		5D807A76296F23760046AD6F /* ChairBedroom.swift in Sources */ = {isa = PBXBuildFile; fileRef = 5D807A75296F23760046AD6F /* ChairBedroom.swift */; };
		5D807A78296F23BA0046AD6F /* CoffeeTableBedroom.swift in Sources */ = {isa = PBXBuildFile; fileRef = 5D807A77296F23BA0046AD6F /* CoffeeTableBedroom.swift */; };
		5D807A7A296F24140046AD6F /* SofaBedroom.swift in Sources */ = {isa = PBXBuildFile; fileRef = 5D807A79296F24140046AD6F /* SofaBedroom.swift */; };
		5D807A7C296F24750046AD6F /* ChairKitchen.swift in Sources */ = {isa = PBXBuildFile; fileRef = 5D807A7B296F24750046AD6F /* ChairKitchen.swift */; };
		5D807A7E296F24800046AD6F /* DinningTableKitchen.swift in Sources */ = {isa = PBXBuildFile; fileRef = 5D807A7D296F24800046AD6F /* DinningTableKitchen.swift */; };
		5D807A80296F24860046AD6F /* SofaKitchen.swift in Sources */ = {isa = PBXBuildFile; fileRef = 5D807A7F296F24860046AD6F /* SofaKitchen.swift */; };
		5D807A82296F25190046AD6F /* FurnitureAbstractFactory.swift in Sources */ = {isa = PBXBuildFile; fileRef = 5D807A81296F25190046AD6F /* FurnitureAbstractFactory.swift */; };
		5D807A84296F25780046AD6F /* BedroomFurnitureFactory.swift in Sources */ = {isa = PBXBuildFile; fileRef = 5D807A83296F25780046AD6F /* BedroomFurnitureFactory.swift */; };
		5D807A86296F25F30046AD6F /* KitchenFurnitureFactory.swift in Sources */ = {isa = PBXBuildFile; fileRef = 5D807A85296F25F30046AD6F /* KitchenFurnitureFactory.swift */; };
		5DF25930296F1A9D00CD3A2B /* AppDelegate.swift in Sources */ = {isa = PBXBuildFile; fileRef = 5DF2592F296F1A9D00CD3A2B /* AppDelegate.swift */; };
		5DF25932296F1A9D00CD3A2B /* SceneDelegate.swift in Sources */ = {isa = PBXBuildFile; fileRef = 5DF25931296F1A9D00CD3A2B /* SceneDelegate.swift */; };
		5DF25934296F1A9D00CD3A2B /* ViewController.swift in Sources */ = {isa = PBXBuildFile; fileRef = 5DF25933296F1A9D00CD3A2B /* ViewController.swift */; };
		5DF25937296F1A9D00CD3A2B /* Main.storyboard in Resources */ = {isa = PBXBuildFile; fileRef = 5DF25935296F1A9D00CD3A2B /* Main.storyboard */; };
		5DF25939296F1A9F00CD3A2B /* Assets.xcassets in Resources */ = {isa = PBXBuildFile; fileRef = 5DF25938296F1A9F00CD3A2B /* Assets.xcassets */; };
		5DF2593C296F1A9F00CD3A2B /* LaunchScreen.storyboard in Resources */ = {isa = PBXBuildFile; fileRef = 5DF2593A296F1A9F00CD3A2B /* LaunchScreen.storyboard */; };
/* End PBXBuildFile section */

/* Begin PBXFileReference section */
		5D807A6F296F22730046AD6F /* Chair.swift */ = {isa = PBXFileReference; lastKnownFileType = sourcecode.swift; path = Chair.swift; sourceTree = "<group>"; };
		5D807A71296F22A90046AD6F /* Table.swift */ = {isa = PBXFileReference; lastKnownFileType = sourcecode.swift; path = Table.swift; sourceTree = "<group>"; };
		5D807A73296F22C50046AD6F /* Sofa.swift */ = {isa = PBXFileReference; lastKnownFileType = sourcecode.swift; path = Sofa.swift; sourceTree = "<group>"; };
		5D807A75296F23760046AD6F /* ChairBedroom.swift */ = {isa = PBXFileReference; lastKnownFileType = sourcecode.swift; path = ChairBedroom.swift; sourceTree = "<group>"; };
		5D807A77296F23BA0046AD6F /* CoffeeTableBedroom.swift */ = {isa = PBXFileReference; lastKnownFileType = sourcecode.swift; path = CoffeeTableBedroom.swift; sourceTree = "<group>"; };
		5D807A79296F24140046AD6F /* SofaBedroom.swift */ = {isa = PBXFileReference; lastKnownFileType = sourcecode.swift; path = SofaBedroom.swift; sourceTree = "<group>"; };
		5D807A7B296F24750046AD6F /* ChairKitchen.swift */ = {isa = PBXFileReference; lastKnownFileType = sourcecode.swift; path = ChairKitchen.swift; sourceTree = "<group>"; };
		5D807A7D296F24800046AD6F /* DinningTableKitchen.swift */ = {isa = PBXFileReference; lastKnownFileType = sourcecode.swift; path = DinningTableKitchen.swift; sourceTree = "<group>"; };
		5D807A7F296F24860046AD6F /* SofaKitchen.swift */ = {isa = PBXFileReference; lastKnownFileType = sourcecode.swift; path = SofaKitchen.swift; sourceTree = "<group>"; };
		5D807A81296F25190046AD6F /* FurnitureAbstractFactory.swift */ = {isa = PBXFileReference; lastKnownFileType = sourcecode.swift; path = FurnitureAbstractFactory.swift; sourceTree = "<group>"; };
		5D807A83296F25780046AD6F /* BedroomFurnitureFactory.swift */ = {isa = PBXFileReference; lastKnownFileType = sourcecode.swift; path = BedroomFurnitureFactory.swift; sourceTree = "<group>"; };
		5D807A85296F25F30046AD6F /* KitchenFurnitureFactory.swift */ = {isa = PBXFileReference; lastKnownFileType = sourcecode.swift; path = KitchenFurnitureFactory.swift; sourceTree = "<group>"; };
		5DF2592C296F1A9D00CD3A2B /* 3. Abstract Factory.app */ = {isa = PBXFileReference; explicitFileType = wrapper.application; includeInIndex = 0; path = "3. Abstract Factory.app"; sourceTree = BUILT_PRODUCTS_DIR; };
		5DF2592F296F1A9D00CD3A2B /* AppDelegate.swift */ = {isa = PBXFileReference; lastKnownFileType = sourcecode.swift; path = AppDelegate.swift; sourceTree = "<group>"; };
		5DF25931296F1A9D00CD3A2B /* SceneDelegate.swift */ = {isa = PBXFileReference; lastKnownFileType = sourcecode.swift; path = SceneDelegate.swift; sourceTree = "<group>"; };
		5DF25933296F1A9D00CD3A2B /* ViewController.swift */ = {isa = PBXFileReference; lastKnownFileType = sourcecode.swift; path = ViewController.swift; sourceTree = "<group>"; };
		5DF25936296F1A9D00CD3A2B /* Base */ = {isa = PBXFileReference; lastKnownFileType = file.storyboard; name = Base; path = Base.lproj/Main.storyboard; sourceTree = "<group>"; };
		5DF25938296F1A9F00CD3A2B /* Assets.xcassets */ = {isa = PBXFileReference; lastKnownFileType = folder.assetcatalog; path = Assets.xcassets; sourceTree = "<group>"; };
		5DF2593B296F1A9F00CD3A2B /* Base */ = {isa = PBXFileReference; lastKnownFileType = file.storyboard; name = Base; path = Base.lproj/LaunchScreen.storyboard; sourceTree = "<group>"; };
		5DF2593D296F1A9F00CD3A2B /* Info.plist */ = {isa = PBXFileReference; lastKnownFileType = text.plist.xml; path = Info.plist; sourceTree = "<group>"; };
		5DF25948296F1B0500CD3A2B /* README.md */ = {isa = PBXFileReference; lastKnownFileType = net.daringfireball.markdown; path = README.md; sourceTree = "<group>"; };
		5DF25949296F1C9500CD3A2B /* PROS-CONS-ABS-FACTORY.png */ = {isa = PBXFileReference; lastKnownFileType = image.png; path = "PROS-CONS-ABS-FACTORY.png"; sourceTree = "<group>"; };
/* End PBXFileReference section */

/* Begin PBXFrameworksBuildPhase section */
		5DF25929296F1A9D00CD3A2B /* Frameworks */ = {
			isa = PBXFrameworksBuildPhase;
			buildActionMask = 2147483647;
			files = (
			);
			runOnlyForDeploymentPostprocessing = 0;
		};
/* End PBXFrameworksBuildPhase section */

/* Begin PBXGroup section */
		5D807A68296F1F830046AD6F /* Factories */ = {
			isa = PBXGroup;
			children = (
				5D807A6A296F1F910046AD6F /* AbstractFactory */,
			);
			path = Factories;
			sourceTree = "<group>";
		};
		5D807A69296F1F880046AD6F /* DataLayer */ = {
			isa = PBXGroup;
			children = (
				5D807A6E296F20BE0046AD6F /* Products */,
				5D807A6B296F1F9B0046AD6F /* Furniture */,
			);
			path = DataLayer;
			sourceTree = "<group>";
		};
		5D807A6A296F1F910046AD6F /* AbstractFactory */ = {
			isa = PBXGroup;
			children = (
				5D807A81296F25190046AD6F /* FurnitureAbstractFactory.swift */,
				5D807A83296F25780046AD6F /* BedroomFurnitureFactory.swift */,
				5D807A85296F25F30046AD6F /* KitchenFurnitureFactory.swift */,
			);
			path = AbstractFactory;
			sourceTree = "<group>";
		};
		5D807A6B296F1F9B0046AD6F /* Furniture */ = {
			isa = PBXGroup;
			children = (
				5D807A6D296F1FAB0046AD6F /* Bedroom */,
				5D807A6C296F1FA60046AD6F /* Kitchen */,
			);
			path = Furniture;
			sourceTree = "<group>";
		};
		5D807A6C296F1FA60046AD6F /* Kitchen */ = {
			isa = PBXGroup;
			children = (
				5D807A7B296F24750046AD6F /* ChairKitchen.swift */,
				5D807A7D296F24800046AD6F /* DinningTableKitchen.swift */,
				5D807A7F296F24860046AD6F /* SofaKitchen.swift */,
			);
			path = Kitchen;
			sourceTree = "<group>";
		};
		5D807A6D296F1FAB0046AD6F /* Bedroom */ = {
			isa = PBXGroup;
			children = (
				5D807A75296F23760046AD6F /* ChairBedroom.swift */,
				5D807A77296F23BA0046AD6F /* CoffeeTableBedroom.swift */,
				5D807A79296F24140046AD6F /* SofaBedroom.swift */,
			);
			path = Bedroom;
			sourceTree = "<group>";
		};
		5D807A6E296F20BE0046AD6F /* Products */ = {
			isa = PBXGroup;
			children = (
				5D807A6F296F22730046AD6F /* Chair.swift */,
				5D807A73296F22C50046AD6F /* Sofa.swift */,
				5D807A71296F22A90046AD6F /* Table.swift */,
			);
			path = Products;
			sourceTree = "<group>";
		};
		5DF25923296F1A9D00CD3A2B = {
			isa = PBXGroup;
			children = (
				5DF25949296F1C9500CD3A2B /* PROS-CONS-ABS-FACTORY.png */,
				5DF25948296F1B0500CD3A2B /* README.md */,
				5DF2592E296F1A9D00CD3A2B /* 3. Abstract Factory */,
				5DF2592D296F1A9D00CD3A2B /* Products */,
			);
			sourceTree = "<group>";
		};
		5DF2592D296F1A9D00CD3A2B /* Products */ = {
			isa = PBXGroup;
			children = (
				5DF2592C296F1A9D00CD3A2B /* 3. Abstract Factory.app */,
			);
			name = Products;
			sourceTree = "<group>";
		};
		5DF2592E296F1A9D00CD3A2B /* 3. Abstract Factory */ = {
			isa = PBXGroup;
			children = (
				5D807A69296F1F880046AD6F /* DataLayer */,
				5DF25944296F1AAD00CD3A2B /* PresentationLayer */,
				5DF25943296F1AA300CD3A2B /* AppLayer */,
				5DF25947296F1AC900CD3A2B /* Resources */,
			);
			path = "3. Abstract Factory";
			sourceTree = "<group>";
		};
		5DF25943296F1AA300CD3A2B /* AppLayer */ = {
			isa = PBXGroup;
			children = (
				5DF2592F296F1A9D00CD3A2B /* AppDelegate.swift */,
				5DF25931296F1A9D00CD3A2B /* SceneDelegate.swift */,
			);
			path = AppLayer;
			sourceTree = "<group>";
		};
		5DF25944296F1AAD00CD3A2B /* PresentationLayer */ = {
			isa = PBXGroup;
			children = (
				5D807A68296F1F830046AD6F /* Factories */,
				5DF25945296F1AB300CD3A2B /* Scenes */,
			);
			path = PresentationLayer;
			sourceTree = "<group>";
		};
		5DF25945296F1AB300CD3A2B /* Scenes */ = {
			isa = PBXGroup;
			children = (
				5DF25946296F1ABC00CD3A2B /* Main */,
			);
			path = Scenes;
			sourceTree = "<group>";
		};
		5DF25946296F1ABC00CD3A2B /* Main */ = {
			isa = PBXGroup;
			children = (
				5DF25933296F1A9D00CD3A2B /* ViewController.swift */,
				5DF25935296F1A9D00CD3A2B /* Main.storyboard */,
			);
			path = Main;
			sourceTree = "<group>";
		};
		5DF25947296F1AC900CD3A2B /* Resources */ = {
			isa = PBXGroup;
			children = (
				5DF25938296F1A9F00CD3A2B /* Assets.xcassets */,
				5DF2593A296F1A9F00CD3A2B /* LaunchScreen.storyboard */,
				5DF2593D296F1A9F00CD3A2B /* Info.plist */,
			);
			path = Resources;
			sourceTree = "<group>";
		};
/* End PBXGroup section */

/* Begin PBXNativeTarget section */
		5DF2592B296F1A9D00CD3A2B /* 3. Abstract Factory */ = {
			isa = PBXNativeTarget;
			buildConfigurationList = 5DF25940296F1A9F00CD3A2B /* Build configuration list for PBXNativeTarget "3. Abstract Factory" */;
			buildPhases = (
				5DF25928296F1A9D00CD3A2B /* Sources */,
				5DF25929296F1A9D00CD3A2B /* Frameworks */,
				5DF2592A296F1A9D00CD3A2B /* Resources */,
			);
			buildRules = (
			);
			dependencies = (
			);
			name = "3. Abstract Factory";
			productName = "3. Abstract Factory";
			productReference = 5DF2592C296F1A9D00CD3A2B /* 3. Abstract Factory.app */;
			productType = "com.apple.product-type.application";
		};
/* End PBXNativeTarget section */

/* Begin PBXProject section */
		5DF25924296F1A9D00CD3A2B /* Project object */ = {
			isa = PBXProject;
			attributes = {
				BuildIndependentTargetsInParallel = 1;
				LastSwiftUpdateCheck = 1410;
				LastUpgradeCheck = 1410;
				TargetAttributes = {
					5DF2592B296F1A9D00CD3A2B = {
						CreatedOnToolsVersion = 14.1;
					};
				};
			};
			buildConfigurationList = 5DF25927296F1A9D00CD3A2B /* Build configuration list for PBXProject "3. Abstract Factory" */;
			compatibilityVersion = "Xcode 14.0";
			developmentRegion = en;
			hasScannedForEncodings = 0;
			knownRegions = (
				en,
				Base,
			);
			mainGroup = 5DF25923296F1A9D00CD3A2B;
			productRefGroup = 5DF2592D296F1A9D00CD3A2B /* Products */;
			projectDirPath = "";
			projectRoot = "";
			targets = (
				5DF2592B296F1A9D00CD3A2B /* 3. Abstract Factory */,
			);
		};
/* End PBXProject section */

/* Begin PBXResourcesBuildPhase section */
		5DF2592A296F1A9D00CD3A2B /* Resources */ = {
			isa = PBXResourcesBuildPhase;
			buildActionMask = 2147483647;
			files = (
				5DF2593C296F1A9F00CD3A2B /* LaunchScreen.storyboard in Resources */,
				5DF25939296F1A9F00CD3A2B /* Assets.xcassets in Resources */,
				5DF25937296F1A9D00CD3A2B /* Main.storyboard in Resources */,
			);
			runOnlyForDeploymentPostprocessing = 0;
		};
/* End PBXResourcesBuildPhase section */

/* Begin PBXSourcesBuildPhase section */
		5DF25928296F1A9D00CD3A2B /* Sources */ = {
			isa = PBXSourcesBuildPhase;
			buildActionMask = 2147483647;
			files = (
				5D807A74296F22C50046AD6F /* Sofa.swift in Sources */,
				5D807A76296F23760046AD6F /* ChairBedroom.swift in Sources */,
				5D807A7A296F24140046AD6F /* SofaBedroom.swift in Sources */,
				5DF25934296F1A9D00CD3A2B /* ViewController.swift in Sources */,
				5D807A78296F23BA0046AD6F /* CoffeeTableBedroom.swift in Sources */,
				5D807A86296F25F30046AD6F /* KitchenFurnitureFactory.swift in Sources */,
				5D807A82296F25190046AD6F /* FurnitureAbstractFactory.swift in Sources */,
				5D807A84296F25780046AD6F /* BedroomFurnitureFactory.swift in Sources */,
				5D807A7E296F24800046AD6F /* DinningTableKitchen.swift in Sources */,
				5D807A72296F22A90046AD6F /* Table.swift in Sources */,
				5D807A80296F24860046AD6F /* SofaKitchen.swift in Sources */,
				5D807A70296F22730046AD6F /* Chair.swift in Sources */,
				5DF25930296F1A9D00CD3A2B /* AppDelegate.swift in Sources */,
				5D807A7C296F24750046AD6F /* ChairKitchen.swift in Sources */,
				5DF25932296F1A9D00CD3A2B /* SceneDelegate.swift in Sources */,
			);
			runOnlyForDeploymentPostprocessing = 0;
		};
/* End PBXSourcesBuildPhase section */

/* Begin PBXVariantGroup section */
		5DF25935296F1A9D00CD3A2B /* Main.storyboard */ = {
			isa = PBXVariantGroup;
			children = (
				5DF25936296F1A9D00CD3A2B /* Base */,
			);
			name = Main.storyboard;
			sourceTree = "<group>";
		};
		5DF2593A296F1A9F00CD3A2B /* LaunchScreen.storyboard */ = {
			isa = PBXVariantGroup;
			children = (
				5DF2593B296F1A9F00CD3A2B /* Base */,
			);
			name = LaunchScreen.storyboard;
			sourceTree = "<group>";
		};
/* End PBXVariantGroup section */

/* Begin XCBuildConfiguration section */
		5DF2593E296F1A9F00CD3A2B /* Debug */ = {
			isa = XCBuildConfiguration;
			buildSettings = {
				ALWAYS_SEARCH_USER_PATHS = NO;
				CLANG_ANALYZER_NONNULL = YES;
				CLANG_ANALYZER_NUMBER_OBJECT_CONVERSION = YES_AGGRESSIVE;
				CLANG_CXX_LANGUAGE_STANDARD = "gnu++20";
				CLANG_ENABLE_MODULES = YES;
				CLANG_ENABLE_OBJC_ARC = YES;
				CLANG_ENABLE_OBJC_WEAK = YES;
				CLANG_WARN_BLOCK_CAPTURE_AUTORELEASING = YES;
				CLANG_WARN_BOOL_CONVERSION = YES;
				CLANG_WARN_COMMA = YES;
				CLANG_WARN_CONSTANT_CONVERSION = YES;
				CLANG_WARN_DEPRECATED_OBJC_IMPLEMENTATIONS = YES;
				CLANG_WARN_DIRECT_OBJC_ISA_USAGE = YES_ERROR;
				CLANG_WARN_DOCUMENTATION_COMMENTS = YES;
				CLANG_WARN_EMPTY_BODY = YES;
				CLANG_WARN_ENUM_CONVERSION = YES;
				CLANG_WARN_INFINITE_RECURSION = YES;
				CLANG_WARN_INT_CONVERSION = YES;
				CLANG_WARN_NON_LITERAL_NULL_CONVERSION = YES;
				CLANG_WARN_OBJC_IMPLICIT_RETAIN_SELF = YES;
				CLANG_WARN_OBJC_LITERAL_CONVERSION = YES;
				CLANG_WARN_OBJC_ROOT_CLASS = YES_ERROR;
				CLANG_WARN_QUOTED_INCLUDE_IN_FRAMEWORK_HEADER = YES;
				CLANG_WARN_RANGE_LOOP_ANALYSIS = YES;
				CLANG_WARN_STRICT_PROTOTYPES = YES;
				CLANG_WARN_SUSPICIOUS_MOVE = YES;
				CLANG_WARN_UNGUARDED_AVAILABILITY = YES_AGGRESSIVE;
				CLANG_WARN_UNREACHABLE_CODE = YES;
				CLANG_WARN__DUPLICATE_METHOD_MATCH = YES;
				COPY_PHASE_STRIP = NO;
				DEBUG_INFORMATION_FORMAT = dwarf;
				ENABLE_STRICT_OBJC_MSGSEND = YES;
				ENABLE_TESTABILITY = YES;
				GCC_C_LANGUAGE_STANDARD = gnu11;
				GCC_DYNAMIC_NO_PIC = NO;
				GCC_NO_COMMON_BLOCKS = YES;
				GCC_OPTIMIZATION_LEVEL = 0;
				GCC_PREPROCESSOR_DEFINITIONS = (
					"DEBUG=1",
					"$(inherited)",
				);
				GCC_WARN_64_TO_32_BIT_CONVERSION = YES;
				GCC_WARN_ABOUT_RETURN_TYPE = YES_ERROR;
				GCC_WARN_UNDECLARED_SELECTOR = YES;
				GCC_WARN_UNINITIALIZED_AUTOS = YES_AGGRESSIVE;
				GCC_WARN_UNUSED_FUNCTION = YES;
				GCC_WARN_UNUSED_VARIABLE = YES;
				IPHONEOS_DEPLOYMENT_TARGET = 16.1;
				MTL_ENABLE_DEBUG_INFO = INCLUDE_SOURCE;
				MTL_FAST_MATH = YES;
				ONLY_ACTIVE_ARCH = YES;
				SDKROOT = iphoneos;
				SWIFT_ACTIVE_COMPILATION_CONDITIONS = DEBUG;
				SWIFT_OPTIMIZATION_LEVEL = "-Onone";
			};
			name = Debug;
		};
		5DF2593F296F1A9F00CD3A2B /* Release */ = {
			isa = XCBuildConfiguration;
			buildSettings = {
				ALWAYS_SEARCH_USER_PATHS = NO;
				CLANG_ANALYZER_NONNULL = YES;
				CLANG_ANALYZER_NUMBER_OBJECT_CONVERSION = YES_AGGRESSIVE;
				CLANG_CXX_LANGUAGE_STANDARD = "gnu++20";
				CLANG_ENABLE_MODULES = YES;
				CLANG_ENABLE_OBJC_ARC = YES;
				CLANG_ENABLE_OBJC_WEAK = YES;
				CLANG_WARN_BLOCK_CAPTURE_AUTORELEASING = YES;
				CLANG_WARN_BOOL_CONVERSION = YES;
				CLANG_WARN_COMMA = YES;
				CLANG_WARN_CONSTANT_CONVERSION = YES;
				CLANG_WARN_DEPRECATED_OBJC_IMPLEMENTATIONS = YES;
				CLANG_WARN_DIRECT_OBJC_ISA_USAGE = YES_ERROR;
				CLANG_WARN_DOCUMENTATION_COMMENTS = YES;
				CLANG_WARN_EMPTY_BODY = YES;
				CLANG_WARN_ENUM_CONVERSION = YES;
				CLANG_WARN_INFINITE_RECURSION = YES;
				CLANG_WARN_INT_CONVERSION = YES;
				CLANG_WARN_NON_LITERAL_NULL_CONVERSION = YES;
				CLANG_WARN_OBJC_IMPLICIT_RETAIN_SELF = YES;
				CLANG_WARN_OBJC_LITERAL_CONVERSION = YES;
				CLANG_WARN_OBJC_ROOT_CLASS = YES_ERROR;
				CLANG_WARN_QUOTED_INCLUDE_IN_FRAMEWORK_HEADER = YES;
				CLANG_WARN_RANGE_LOOP_ANALYSIS = YES;
				CLANG_WARN_STRICT_PROTOTYPES = YES;
				CLANG_WARN_SUSPICIOUS_MOVE = YES;
				CLANG_WARN_UNGUARDED_AVAILABILITY = YES_AGGRESSIVE;
				CLANG_WARN_UNREACHABLE_CODE = YES;
				CLANG_WARN__DUPLICATE_METHOD_MATCH = YES;
				COPY_PHASE_STRIP = NO;
				DEBUG_INFORMATION_FORMAT = "dwarf-with-dsym";
				ENABLE_NS_ASSERTIONS = NO;
				ENABLE_STRICT_OBJC_MSGSEND = YES;
				GCC_C_LANGUAGE_STANDARD = gnu11;
				GCC_NO_COMMON_BLOCKS = YES;
				GCC_WARN_64_TO_32_BIT_CONVERSION = YES;
				GCC_WARN_ABOUT_RETURN_TYPE = YES_ERROR;
				GCC_WARN_UNDECLARED_SELECTOR = YES;
				GCC_WARN_UNINITIALIZED_AUTOS = YES_AGGRESSIVE;
				GCC_WARN_UNUSED_FUNCTION = YES;
				GCC_WARN_UNUSED_VARIABLE = YES;
				IPHONEOS_DEPLOYMENT_TARGET = 16.1;
				MTL_ENABLE_DEBUG_INFO = NO;
				MTL_FAST_MATH = YES;
				SDKROOT = iphoneos;
				SWIFT_COMPILATION_MODE = wholemodule;
				SWIFT_OPTIMIZATION_LEVEL = "-O";
				VALIDATE_PRODUCT = YES;
			};
			name = Release;
		};
		5DF25941296F1A9F00CD3A2B /* Debug */ = {
			isa = XCBuildConfiguration;
			buildSettings = {
				ASSETCATALOG_COMPILER_APPICON_NAME = AppIcon;
				ASSETCATALOG_COMPILER_GLOBAL_ACCENT_COLOR_NAME = AccentColor;
				CODE_SIGN_STYLE = Automatic;
				CURRENT_PROJECT_VERSION = 1;
				DEVELOPMENT_TEAM = 7FCTC6DRE7;
				GENERATE_INFOPLIST_FILE = YES;
				INFOPLIST_FILE = "3. Abstract Factory/Resources/Info.plist";
				INFOPLIST_KEY_UIApplicationSupportsIndirectInputEvents = YES;
				INFOPLIST_KEY_UILaunchStoryboardName = LaunchScreen;
				INFOPLIST_KEY_UIMainStoryboardFile = Main;
				INFOPLIST_KEY_UISupportedInterfaceOrientations_iPad = "UIInterfaceOrientationPortrait UIInterfaceOrientationPortraitUpsideDown UIInterfaceOrientationLandscapeLeft UIInterfaceOrientationLandscapeRight";
				INFOPLIST_KEY_UISupportedInterfaceOrientations_iPhone = "UIInterfaceOrientationPortrait UIInterfaceOrientationLandscapeLeft UIInterfaceOrientationLandscapeRight";
				LD_RUNPATH_SEARCH_PATHS = (
					"$(inherited)",
					"@executable_path/Frameworks",
				);
				MARKETING_VERSION = 1.0;
				PRODUCT_BUNDLE_IDENTIFIER = "com.azizbekasadov.---Abstract-Factory";
				PRODUCT_NAME = "$(TARGET_NAME)";
				SWIFT_EMIT_LOC_STRINGS = YES;
				SWIFT_VERSION = 5.0;
				TARGETED_DEVICE_FAMILY = "1,2";
			};
			name = Debug;
		};
		5DF25942296F1A9F00CD3A2B /* Release */ = {
			isa = XCBuildConfiguration;
			buildSettings = {
				ASSETCATALOG_COMPILER_APPICON_NAME = AppIcon;
				ASSETCATALOG_COMPILER_GLOBAL_ACCENT_COLOR_NAME = AccentColor;
				CODE_SIGN_STYLE = Automatic;
				CURRENT_PROJECT_VERSION = 1;
				DEVELOPMENT_TEAM = 7FCTC6DRE7;
				GENERATE_INFOPLIST_FILE = YES;
				INFOPLIST_FILE = "3. Abstract Factory/Resources/Info.plist";
				INFOPLIST_KEY_UIApplicationSupportsIndirectInputEvents = YES;
				INFOPLIST_KEY_UILaunchStoryboardName = LaunchScreen;
				INFOPLIST_KEY_UIMainStoryboardFile = Main;
				INFOPLIST_KEY_UISupportedInterfaceOrientations_iPad = "UIInterfaceOrientationPortrait UIInterfaceOrientationPortraitUpsideDown UIInterfaceOrientationLandscapeLeft UIInterfaceOrientationLandscapeRight";
				INFOPLIST_KEY_UISupportedInterfaceOrientations_iPhone = "UIInterfaceOrientationPortrait UIInterfaceOrientationLandscapeLeft UIInterfaceOrientationLandscapeRight";
				LD_RUNPATH_SEARCH_PATHS = (
					"$(inherited)",
					"@executable_path/Frameworks",
				);
				MARKETING_VERSION = 1.0;
				PRODUCT_BUNDLE_IDENTIFIER = "com.azizbekasadov.---Abstract-Factory";
				PRODUCT_NAME = "$(TARGET_NAME)";
				SWIFT_EMIT_LOC_STRINGS = YES;
				SWIFT_VERSION = 5.0;
				TARGETED_DEVICE_FAMILY = "1,2";
			};
			name = Release;
		};
/* End XCBuildConfiguration section */

/* Begin XCConfigurationList section */
		5DF25927296F1A9D00CD3A2B /* Build configuration list for PBXProject "3. Abstract Factory" */ = {
			isa = XCConfigurationList;
			buildConfigurations = (
				5DF2593E296F1A9F00CD3A2B /* Debug */,
				5DF2593F296F1A9F00CD3A2B /* Release */,
			);
			defaultConfigurationIsVisible = 0;
			defaultConfigurationName = Release;
		};
		5DF25940296F1A9F00CD3A2B /* Build configuration list for PBXNativeTarget "3. Abstract Factory" */ = {
			isa = XCConfigurationList;
			buildConfigurations = (
				5DF25941296F1A9F00CD3A2B /* Debug */,
				5DF25942296F1A9F00CD3A2B /* Release */,
			);
			defaultConfigurationIsVisible = 0;
			defaultConfigurationName = Release;
		};
/* End XCConfigurationList section */
	};
	rootObject = 5DF25924296F1A9D00CD3A2B /* Project object */;
}
